
Microsoft Visual Studio Solution File, Format Version 12.00
# Visual Studio Version 16
VisualStudioVersion = 16.0.29519.87
MinimumVisualStudioVersion = 10.0.40219.1
Project("{8BC9CEB8-8B4A-11D0-8D11-00A0C91BC942}") = "RAIC-2019-Vector2d", "RAIC-2019-Vector2d.vcxitems", "{F635DC4C-ABB9-4EE2-94D8-6580617B76F5}"
EndProject
Global
	GlobalSection(SolutionProperties) = preSolution
		HideSolutionNode = FALSE
	EndGlobalSection
	GlobalSection(ExtensibilityGlobals) = postSolution
		SolutionGuid = {2C2267CC-46F3-4A00-ABE6-2331D5613288}
	EndGlobalSection
EndGlobal
